{
  "name": "directify",
  "version": "1.0.0",
  "lockfileVersion": 1,
  "requires": true,
  "dependencies": {
    "deep-extend": {
      "version": "0.2.11",
      "resolved": "https://registry.npmjs.org/deep-extend/-/deep-extend-0.2.11.tgz",
      "integrity": "sha1-eha6aXKRMjQFBhcElLyD9wdv4I8="
    }
  }
}
